<Solution>
  <Configurations>
    <Platform Name="x64" />
    <Platform Name="x86" />
  </Configurations>
  <Folder Name="/Documentation/">
    <File Path="doc/cv03_zadani_TQueue_list.md" />
    <File Path="doc/extra_stylesheet.css" />
    <File Path="doc/project_logo.png" />
    <File Path="Doxyfile" />
  </Folder>
  <Project Path="TQueue_list/TQueue_list.vcxproj" Id="c4cd2532-9220-4a15-a0fb-5d755ac4b336" />
</Solution>
