<Solution>
  <Configurations>
    <Platform Name="x64" />
    <Platform Name="x86" />
  </Configurations>
  <Folder Name="/Documentation/">
    <File Path="doc/cv04_zadani_TQueue_array.md" />
    <File Path="doc/extra_stylesheet.css" />
    <File Path="doc/project_logo.png" />
    <File Path="Doxyfile" />
  </Folder>
  <Project Path="TQueue_array/TQueue_array.vcxproj" Id="a87b3965-3bf9-4c7a-b732-67711173a75c" />
</Solution>
