<Solution>
  <Configurations>
    <Platform Name="x64" />
    <Platform Name="x86" />
  </Configurations>
  <Folder Name="/Documentation/">
    <File Path="doc/cv06_zadani_basic_sorts.md" />
    <File Path="doc/extra_stylesheet.css" />
    <File Path="doc/project_logo.png" />
    <File Path="Doxyfile" />
  </Folder>
  <Project Path="basic_sorts/basic_sorts.vcxproj" Id="fa7b061b-a894-4605-a31a-f9a836d190b7" />
</Solution>
