<Solution>
  <Configurations>
    <Platform Name="x64" />
    <Platform Name="x86" />
  </Configurations>
  <Folder Name="/Documentation/">
    <File Path="doc/cv02_zadani_TStack.md" />
    <File Path="doc/extra_stylesheet.css" />
    <File Path="doc/project_logo.png" />
    <File Path="Doxyfile" />
  </Folder>
  <Project Path="TStack_list/TStack_list.vcxproj" Id="537b5339-65ec-4894-96b5-7f76be8239e8" />
</Solution>
